
Microsoft Visual Studio Solution File, Format Version 12.00
# Visual Studio Version 17
VisualStudioVersion = 17.14.36915.13 d17.14
MinimumVisualStudioVersion = 10.0.40219.1
Project("{FAE04EC0-301F-11D3-BF4B-00C04F79EFBC}") = "3NLIDTS-ChristianGabbert-03.1-Csharp", "3NLIDTS-ChristianGabbert-03.1-Csharp\3NLIDTS-ChristianGabbert-03.1-Csharp.csproj", "{909BDE90-0D88-4F04-B604-25EDE78848FD}"
EndProject
Global
	GlobalSection(SolutionConfigurationPlatforms) = preSolution
		Debug|Any CPU = Debug|Any CPU
		Release|Any CPU = Release|Any CPU
	EndGlobalSection
	GlobalSection(ProjectConfigurationPlatforms) = postSolution
		{909BDE90-0D88-4F04-B604-25EDE78848FD}.Debug|Any CPU.ActiveCfg = Debug|Any CPU
		{909BDE90-0D88-4F04-B604-25EDE78848FD}.Debug|Any CPU.Build.0 = Debug|Any CPU
		{909BDE90-0D88-4F04-B604-25EDE78848FD}.Release|Any CPU.ActiveCfg = Release|Any CPU
		{909BDE90-0D88-4F04-B604-25EDE78848FD}.Release|Any CPU.Build.0 = Release|Any CPU
	EndGlobalSection
	GlobalSection(SolutionProperties) = preSolution
		HideSolutionNode = FALSE
	EndGlobalSection
	GlobalSection(ExtensibilityGlobals) = postSolution
		SolutionGuid = {35279AFA-CCCC-43F2-B371-E8EC673DE5A9}
	EndGlobalSection
EndGlobal
